
Microsoft Visual Studio Solution File, Format Version 12.00
# Visual Studio Version 16
VisualStudioVersion = 16.0.30114.105
MinimumVisualStudioVersion = 10.0.40219.1
Project("{FAE04EC0-301F-11D3-BF4B-00C04F79EFBC}") = "wbs-rest-aspnet", "wbs-rest-aspnet\wbs-rest-aspnet.csproj", "{21230E94-7C50-4401-AEA9-3A965A7D0D89}"
EndProject
Project("{FAE04EC0-301F-11D3-BF4B-00C04F79EFBC}") = "wbs-app-unittest", "wbs-app-unittest\wbs-app-unittest.csproj", "{373AB881-DA53-4380-ADED-E2D24CDB967C}"
EndProject
Global
	GlobalSection(SolutionConfigurationPlatforms) = preSolution
		Debug|Any CPU = Debug|Any CPU
		Release|Any CPU = Release|Any CPU
	EndGlobalSection
	GlobalSection(SolutionProperties) = preSolution
		HideSolutionNode = FALSE
	EndGlobalSection
	GlobalSection(ProjectConfigurationPlatforms) = postSolution
		{21230E94-7C50-4401-AEA9-3A965A7D0D89}.Debug|Any CPU.ActiveCfg = Debug|Any CPU
		{21230E94-7C50-4401-AEA9-3A965A7D0D89}.Debug|Any CPU.Build.0 = Debug|Any CPU
		{21230E94-7C50-4401-AEA9-3A965A7D0D89}.Release|Any CPU.ActiveCfg = Release|Any CPU
		{21230E94-7C50-4401-AEA9-3A965A7D0D89}.Release|Any CPU.Build.0 = Release|Any CPU
		{373AB881-DA53-4380-ADED-E2D24CDB967C}.Debug|Any CPU.ActiveCfg = Debug|Any CPU
		{373AB881-DA53-4380-ADED-E2D24CDB967C}.Debug|Any CPU.Build.0 = Debug|Any CPU
		{373AB881-DA53-4380-ADED-E2D24CDB967C}.Release|Any CPU.ActiveCfg = Release|Any CPU
		{373AB881-DA53-4380-ADED-E2D24CDB967C}.Release|Any CPU.Build.0 = Release|Any CPU
	EndGlobalSection
EndGlobal
